
Microsoft Visual Studio Solution File, Format Version 12.00
# Visual Studio Version 17
VisualStudioVersion = 17.11.35327.3
MinimumVisualStudioVersion = 10.0.40219.1
Project("{9A19103F-16F7-4668-BE54-9A1E7A4F7556}") = "QuizBiblio", "QuizBiblio\QuizBiblio.csproj", "{A752EF61-5F9A-4C96-9FB8-DDB4B1B8E02E}"
EndProject
Project("{FAE04EC0-301F-11D3-BF4B-00C04F79EFBC}") = "QuizBiblio.Models", "QuizBiblio.Models\QuizBiblio.Models.csproj", "{36936B4A-B121-4C2C-8879-6264DAFCAC40}"
EndProject
Project("{FAE04EC0-301F-11D3-BF4B-00C04F79EFBC}") = "QuizBiblio.DataAccess", "QuizBiblio.DataAccess\QuizBiblio.DataAccess.csproj", "{F0B266CC-9109-4FFA-8ACE-4E12BC036839}"
EndProject
Project("{FAE04EC0-301F-11D3-BF4B-00C04F79EFBC}") = "QuizBiblio.Services", "QuizBiblio.Services\QuizBiblio.Services.csproj", "{B9B48964-0D3C-49CA-B05E-DE10547A3E8A}"
EndProject
Project("{FAE04EC0-301F-11D3-BF4B-00C04F79EFBC}") = "QuizBiblio.JobScheduler", "QuizBiblio.JobScheduler\QuizBiblio.JobScheduler.csproj", "{6513FB47-C57C-41C8-9F22-25E3D159C964}"
EndProject
Project("{FAE04EC0-301F-11D3-BF4B-00C04F79EFBC}") = "QuizBiblio.UnitTests", "QuizBiblio.UnitTests\QuizBiblio.UnitTests.csproj", "{3A069A49-0442-498C-9BE1-886E8ECC3E61}"
EndProject
Project("{2150E333-8FDC-42A3-9474-1A3956D46DE8}") = "Tests", "Tests", "{02EA681E-C7D8-13C7-8484-4AC65E1B71E8}"
EndProject
Project("{FAE04EC0-301F-11D3-BF4B-00C04F79EFBC}") = "QuizBiblio.IntegrationTests", "QuizBiblio.IntegrationTests\QuizBiblio.IntegrationTests.csproj", "{F69CED55-36F1-4685-A5CC-02F4727B5013}"
EndProject
Project("{FAE04EC0-301F-11D3-BF4B-00C04F79EFBC}") = "QuizBiblio.Infrastructure", "QuizBiblio.Infrastructure\QuizBiblio.Infrastructure.csproj", "{ACC57212-7F0A-454B-9F9D-6132DEA5CA32}"
EndProject
Global
	GlobalSection(SolutionConfigurationPlatforms) = preSolution
		Debug|Any CPU = Debug|Any CPU
		Release|Any CPU = Release|Any CPU
	EndGlobalSection
	GlobalSection(ProjectConfigurationPlatforms) = postSolution
		{A752EF61-5F9A-4C96-9FB8-DDB4B1B8E02E}.Debug|Any CPU.ActiveCfg = Debug|Any CPU
		{A752EF61-5F9A-4C96-9FB8-DDB4B1B8E02E}.Debug|Any CPU.Build.0 = Debug|Any CPU
		{A752EF61-5F9A-4C96-9FB8-DDB4B1B8E02E}.Release|Any CPU.ActiveCfg = Release|Any CPU
		{A752EF61-5F9A-4C96-9FB8-DDB4B1B8E02E}.Release|Any CPU.Build.0 = Release|Any CPU
		{36936B4A-B121-4C2C-8879-6264DAFCAC40}.Debug|Any CPU.ActiveCfg = Debug|Any CPU
		{36936B4A-B121-4C2C-8879-6264DAFCAC40}.Debug|Any CPU.Build.0 = Debug|Any CPU
		{36936B4A-B121-4C2C-8879-6264DAFCAC40}.Release|Any CPU.ActiveCfg = Release|Any CPU
		{36936B4A-B121-4C2C-8879-6264DAFCAC40}.Release|Any CPU.Build.0 = Release|Any CPU
		{F0B266CC-9109-4FFA-8ACE-4E12BC036839}.Debug|Any CPU.ActiveCfg = Debug|Any CPU
		{F0B266CC-9109-4FFA-8ACE-4E12BC036839}.Debug|Any CPU.Build.0 = Debug|Any CPU
		{F0B266CC-9109-4FFA-8ACE-4E12BC036839}.Release|Any CPU.ActiveCfg = Release|Any CPU
		{F0B266CC-9109-4FFA-8ACE-4E12BC036839}.Release|Any CPU.Build.0 = Release|Any CPU
		{B9B48964-0D3C-49CA-B05E-DE10547A3E8A}.Debug|Any CPU.ActiveCfg = Debug|Any CPU
		{B9B48964-0D3C-49CA-B05E-DE10547A3E8A}.Debug|Any CPU.Build.0 = Debug|Any CPU
		{B9B48964-0D3C-49CA-B05E-DE10547A3E8A}.Release|Any CPU.ActiveCfg = Release|Any CPU
		{B9B48964-0D3C-49CA-B05E-DE10547A3E8A}.Release|Any CPU.Build.0 = Release|Any CPU
		{6513FB47-C57C-41C8-9F22-25E3D159C964}.Debug|Any CPU.ActiveCfg = Debug|Any CPU
		{6513FB47-C57C-41C8-9F22-25E3D159C964}.Debug|Any CPU.Build.0 = Debug|Any CPU
		{6513FB47-C57C-41C8-9F22-25E3D159C964}.Release|Any CPU.ActiveCfg = Release|Any CPU
		{6513FB47-C57C-41C8-9F22-25E3D159C964}.Release|Any CPU.Build.0 = Release|Any CPU
		{3A069A49-0442-498C-9BE1-886E8ECC3E61}.Debug|Any CPU.ActiveCfg = Debug|Any CPU
		{3A069A49-0442-498C-9BE1-886E8ECC3E61}.Debug|Any CPU.Build.0 = Debug|Any CPU
		{3A069A49-0442-498C-9BE1-886E8ECC3E61}.Release|Any CPU.ActiveCfg = Release|Any CPU
		{3A069A49-0442-498C-9BE1-886E8ECC3E61}.Release|Any CPU.Build.0 = Release|Any CPU
		{F69CED55-36F1-4685-A5CC-02F4727B5013}.Debug|Any CPU.ActiveCfg = Debug|Any CPU
		{F69CED55-36F1-4685-A5CC-02F4727B5013}.Debug|Any CPU.Build.0 = Debug|Any CPU
		{F69CED55-36F1-4685-A5CC-02F4727B5013}.Release|Any CPU.ActiveCfg = Release|Any CPU
		{F69CED55-36F1-4685-A5CC-02F4727B5013}.Release|Any CPU.Build.0 = Release|Any CPU
		{ACC57212-7F0A-454B-9F9D-6132DEA5CA32}.Debug|Any CPU.ActiveCfg = Debug|Any CPU
		{ACC57212-7F0A-454B-9F9D-6132DEA5CA32}.Debug|Any CPU.Build.0 = Debug|Any CPU
		{ACC57212-7F0A-454B-9F9D-6132DEA5CA32}.Release|Any CPU.ActiveCfg = Release|Any CPU
		{ACC57212-7F0A-454B-9F9D-6132DEA5CA32}.Release|Any CPU.Build.0 = Release|Any CPU
	EndGlobalSection
	GlobalSection(SolutionProperties) = preSolution
		HideSolutionNode = FALSE
	EndGlobalSection
	GlobalSection(NestedProjects) = preSolution
		{3A069A49-0442-498C-9BE1-886E8ECC3E61} = {02EA681E-C7D8-13C7-8484-4AC65E1B71E8}
		{F69CED55-36F1-4685-A5CC-02F4727B5013} = {02EA681E-C7D8-13C7-8484-4AC65E1B71E8}
	EndGlobalSection
	GlobalSection(ExtensibilityGlobals) = postSolution
		SolutionGuid = {A64A1D56-91E0-4C5C-A9EC-9DF62DBB207C}
	EndGlobalSection
EndGlobal
